
Microsoft Visual Studio Solution File, Format Version 12.00
# Visual Studio Version 17
VisualStudioVersion = 17.10.35122.118
MinimumVisualStudioVersion = 10.0.40219.1
Project("{FAE04EC0-301F-11D3-BF4B-00C04F79EFBC}") = "TeamServer", "TeamServer\TeamServer.csproj", "{ED570D69-581C-4B2C-A552-8D42DCA0E0CC}"
EndProject
Project("{FAE04EC0-301F-11D3-BF4B-00C04F79EFBC}") = "ApiModels", "ApiModels\ApiModels.csproj", "{20544B5F-8432-4415-9D64-A712DBA0CC80}"
EndProject
Global
	GlobalSection(SolutionConfigurationPlatforms) = preSolution
		Debug|Any CPU = Debug|Any CPU
		Release|Any CPU = Release|Any CPU
	EndGlobalSection
	GlobalSection(ProjectConfigurationPlatforms) = postSolution
		{ED570D69-581C-4B2C-A552-8D42DCA0E0CC}.Debug|Any CPU.ActiveCfg = Debug|Any CPU
		{ED570D69-581C-4B2C-A552-8D42DCA0E0CC}.Debug|Any CPU.Build.0 = Debug|Any CPU
		{ED570D69-581C-4B2C-A552-8D42DCA0E0CC}.Release|Any CPU.ActiveCfg = Release|Any CPU
		{ED570D69-581C-4B2C-A552-8D42DCA0E0CC}.Release|Any CPU.Build.0 = Release|Any CPU
		{20544B5F-8432-4415-9D64-A712DBA0CC80}.Debug|Any CPU.ActiveCfg = Debug|Any CPU
		{20544B5F-8432-4415-9D64-A712DBA0CC80}.Debug|Any CPU.Build.0 = Debug|Any CPU
		{20544B5F-8432-4415-9D64-A712DBA0CC80}.Release|Any CPU.ActiveCfg = Release|Any CPU
		{20544B5F-8432-4415-9D64-A712DBA0CC80}.Release|Any CPU.Build.0 = Release|Any CPU
	EndGlobalSection
	GlobalSection(SolutionProperties) = preSolution
		HideSolutionNode = FALSE
	EndGlobalSection
	GlobalSection(ExtensibilityGlobals) = postSolution
		SolutionGuid = {5AA12D2C-664D-4249-8E53-CE71E5865594}
	EndGlobalSection
EndGlobal
